
Microsoft Visual Studio Solution File, Format Version 12.00
# Visual Studio Version 17
VisualStudioVersion = 17.7.34031.279
MinimumVisualStudioVersion = 10.0.40219.1
Project("{8BC9CEB8-8B4A-11D0-8D11-00A0C91BC942}") = "sdl", "sdl\sdl.vcxproj", "{018FD472-F47B-494F-B796-2E0508081BFA}"
EndProject
Global
	GlobalSection(SolutionConfigurationPlatforms) = preSolution
		Debug|x64 = Debug|x64
		Debug|x86 = Debug|x86
		Release|x64 = Release|x64
		Release|x86 = Release|x86
	EndGlobalSection
	GlobalSection(ProjectConfigurationPlatforms) = postSolution
		{018FD472-F47B-494F-B796-2E0508081BFA}.Debug|x64.ActiveCfg = Debug|x64
		{018FD472-F47B-494F-B796-2E0508081BFA}.Debug|x64.Build.0 = Debug|x64
		{018FD472-F47B-494F-B796-2E0508081BFA}.Debug|x86.ActiveCfg = Debug|Win32
		{018FD472-F47B-494F-B796-2E0508081BFA}.Debug|x86.Build.0 = Debug|Win32
		{018FD472-F47B-494F-B796-2E0508081BFA}.Release|x64.ActiveCfg = Release|x64
		{018FD472-F47B-494F-B796-2E0508081BFA}.Release|x64.Build.0 = Release|x64
		{018FD472-F47B-494F-B796-2E0508081BFA}.Release|x86.ActiveCfg = Release|Win32
		{018FD472-F47B-494F-B796-2E0508081BFA}.Release|x86.Build.0 = Release|Win32
	EndGlobalSection
	GlobalSection(SolutionProperties) = preSolution
		HideSolutionNode = FALSE
	EndGlobalSection
	GlobalSection(ExtensibilityGlobals) = postSolution
		SolutionGuid = {8180F49C-B34E-4E25-A7D0-794EAB0B112F}
	EndGlobalSection
EndGlobal
